
Microsoft Visual Studio Solution File, Format Version 12.00
# Visual Studio Version 17
VisualStudioVersion = 17.13.35818.85 d17.13
MinimumVisualStudioVersion = 10.0.40219.1
Project("{FAE04EC0-301F-11D3-BF4B-00C04F79EFBC}") = "TranDuongYenNhi_1150080069_BTTuan11", "TranDuongYenNhi_1150080069_BTTuan11\TranDuongYenNhi_1150080069_BTTuan11.csproj", "{7D49C401-0E86-46E1-8463-41A39D945CEF}"
EndProject
Global
	GlobalSection(SolutionConfigurationPlatforms) = preSolution
		Debug|Any CPU = Debug|Any CPU
		Release|Any CPU = Release|Any CPU
	EndGlobalSection
	GlobalSection(ProjectConfigurationPlatforms) = postSolution
		{7D49C401-0E86-46E1-8463-41A39D945CEF}.Debug|Any CPU.ActiveCfg = Debug|Any CPU
		{7D49C401-0E86-46E1-8463-41A39D945CEF}.Debug|Any CPU.Build.0 = Debug|Any CPU
		{7D49C401-0E86-46E1-8463-41A39D945CEF}.Release|Any CPU.ActiveCfg = Release|Any CPU
		{7D49C401-0E86-46E1-8463-41A39D945CEF}.Release|Any CPU.Build.0 = Release|Any CPU
	EndGlobalSection
	GlobalSection(SolutionProperties) = preSolution
		HideSolutionNode = FALSE
	EndGlobalSection
	GlobalSection(ExtensibilityGlobals) = postSolution
		SolutionGuid = {E17EF368-899F-4A66-861E-390697A81C71}
	EndGlobalSection
EndGlobal
