
Microsoft Visual Studio Solution File, Format Version 12.00
# Visual Studio Version 17
VisualStudioVersion = 17.13.35818.85 d17.13
MinimumVisualStudioVersion = 10.0.40219.1
Project("{FAE04EC0-301F-11D3-BF4B-00C04F79EFBC}") = "11500080069_TranDuongYenNhi_b6_Winform", "11500080069_TranDuongYenNhi_b6_Winform\11500080069_TranDuongYenNhi_b6_Winform.csproj", "{CDB1FEC7-868C-4F00-8DA8-DD688D6B32D3}"
EndProject
Global
	GlobalSection(SolutionConfigurationPlatforms) = preSolution
		Debug|Any CPU = Debug|Any CPU
		Release|Any CPU = Release|Any CPU
	EndGlobalSection
	GlobalSection(ProjectConfigurationPlatforms) = postSolution
		{CDB1FEC7-868C-4F00-8DA8-DD688D6B32D3}.Debug|Any CPU.ActiveCfg = Debug|Any CPU
		{CDB1FEC7-868C-4F00-8DA8-DD688D6B32D3}.Debug|Any CPU.Build.0 = Debug|Any CPU
		{CDB1FEC7-868C-4F00-8DA8-DD688D6B32D3}.Release|Any CPU.ActiveCfg = Release|Any CPU
		{CDB1FEC7-868C-4F00-8DA8-DD688D6B32D3}.Release|Any CPU.Build.0 = Release|Any CPU
	EndGlobalSection
	GlobalSection(SolutionProperties) = preSolution
		HideSolutionNode = FALSE
	EndGlobalSection
	GlobalSection(ExtensibilityGlobals) = postSolution
		SolutionGuid = {BBA80371-C915-4FF1-9DE5-C57B5C8CB596}
	EndGlobalSection
EndGlobal
